
Microsoft Visual Studio Solution File, Format Version 12.00
# Visual Studio Version 16
VisualStudioVersion = 16.0.29025.244
MinimumVisualStudioVersion = 10.0.40219.1
Project("{9A19103F-16F7-4668-BE54-9A1E7A4F7556}") = "Hive.Overlay.Api", "Hive.Overlay.Api\Hive.Overlay.Api.csproj", "{64D45C35-9E84-4337-A931-061A9BDAE34F}"
EndProject
Project("{9A19103F-16F7-4668-BE54-9A1E7A4F7556}") = "Hive.Overlay.Kademlia", "Hive.Overlay.Kademlia\Hive.Overlay.Kademlia.csproj", "{0E18BC89-75B5-4C5E-8E01-D64D8F499848}"
EndProject
Project("{9A19103F-16F7-4668-BE54-9A1E7A4F7556}") = "Hive.Overlay.Tests", "Hive.Overlay.Tests\Hive.Overlay.Tests.csproj", "{EE2902DB-C8D6-4BA1-A685-80EE8406A30B}"
EndProject
Project("{9A19103F-16F7-4668-BE54-9A1E7A4F7556}") = "Hive.Overlay.Peer", "Hive.Overlay.Peer\Hive.Overlay.Peer.csproj", "{D6FC1AA0-3649-4572-A508-7A845DFA99CB}"
EndProject
Project("{9A19103F-16F7-4668-BE54-9A1E7A4F7556}") = "Hive.Cryptography", "Hive.Cryptography\Hive.Cryptography.csproj", "{E9E681DD-EBD7-4315-886B-2166F3AE0638}"
EndProject
Project("{FAE04EC0-301F-11D3-BF4B-00C04F79EFBC}") = "Hive.Storage", "Hive.Storage\Hive.Storage.csproj", "{86855CA6-5E96-4EB0-9C74-CE9A7CB85464}"
EndProject
Global
	GlobalSection(SolutionConfigurationPlatforms) = preSolution
		Debug|Any CPU = Debug|Any CPU
		Release|Any CPU = Release|Any CPU
	EndGlobalSection
	GlobalSection(ProjectConfigurationPlatforms) = postSolution
		{64D45C35-9E84-4337-A931-061A9BDAE34F}.Debug|Any CPU.ActiveCfg = Debug|Any CPU
		{64D45C35-9E84-4337-A931-061A9BDAE34F}.Debug|Any CPU.Build.0 = Debug|Any CPU
		{64D45C35-9E84-4337-A931-061A9BDAE34F}.Release|Any CPU.ActiveCfg = Release|Any CPU
		{64D45C35-9E84-4337-A931-061A9BDAE34F}.Release|Any CPU.Build.0 = Release|Any CPU
		{0E18BC89-75B5-4C5E-8E01-D64D8F499848}.Debug|Any CPU.ActiveCfg = Debug|Any CPU
		{0E18BC89-75B5-4C5E-8E01-D64D8F499848}.Debug|Any CPU.Build.0 = Debug|Any CPU
		{0E18BC89-75B5-4C5E-8E01-D64D8F499848}.Release|Any CPU.ActiveCfg = Release|Any CPU
		{0E18BC89-75B5-4C5E-8E01-D64D8F499848}.Release|Any CPU.Build.0 = Release|Any CPU
		{EE2902DB-C8D6-4BA1-A685-80EE8406A30B}.Debug|Any CPU.ActiveCfg = Debug|Any CPU
		{EE2902DB-C8D6-4BA1-A685-80EE8406A30B}.Debug|Any CPU.Build.0 = Debug|Any CPU
		{EE2902DB-C8D6-4BA1-A685-80EE8406A30B}.Release|Any CPU.ActiveCfg = Release|Any CPU
		{EE2902DB-C8D6-4BA1-A685-80EE8406A30B}.Release|Any CPU.Build.0 = Release|Any CPU
		{D6FC1AA0-3649-4572-A508-7A845DFA99CB}.Debug|Any CPU.ActiveCfg = Debug|Any CPU
		{D6FC1AA0-3649-4572-A508-7A845DFA99CB}.Debug|Any CPU.Build.0 = Debug|Any CPU
		{D6FC1AA0-3649-4572-A508-7A845DFA99CB}.Release|Any CPU.ActiveCfg = Release|Any CPU
		{D6FC1AA0-3649-4572-A508-7A845DFA99CB}.Release|Any CPU.Build.0 = Release|Any CPU
		{E9E681DD-EBD7-4315-886B-2166F3AE0638}.Debug|Any CPU.ActiveCfg = Debug|Any CPU
		{E9E681DD-EBD7-4315-886B-2166F3AE0638}.Debug|Any CPU.Build.0 = Debug|Any CPU
		{E9E681DD-EBD7-4315-886B-2166F3AE0638}.Release|Any CPU.ActiveCfg = Release|Any CPU
		{E9E681DD-EBD7-4315-886B-2166F3AE0638}.Release|Any CPU.Build.0 = Release|Any CPU
		{86855CA6-5E96-4EB0-9C74-CE9A7CB85464}.Debug|Any CPU.ActiveCfg = Debug|Any CPU
		{86855CA6-5E96-4EB0-9C74-CE9A7CB85464}.Debug|Any CPU.Build.0 = Debug|Any CPU
		{86855CA6-5E96-4EB0-9C74-CE9A7CB85464}.Release|Any CPU.ActiveCfg = Release|Any CPU
		{86855CA6-5E96-4EB0-9C74-CE9A7CB85464}.Release|Any CPU.Build.0 = Release|Any CPU
	EndGlobalSection
	GlobalSection(SolutionProperties) = preSolution
		HideSolutionNode = FALSE
	EndGlobalSection
	GlobalSection(ExtensibilityGlobals) = postSolution
		SolutionGuid = {A949A3E5-0575-49D6-9DFD-480BB9E43215}
	EndGlobalSection
EndGlobal
